{
  "nodes": {
    "cachix": {
      "locked": {
        "lastModified": 1645296114,
        "narHash": "sha256-y53N7TyIkXsjMpOG7RhvqJFGDacLs9HlyHeSTBioqYU=",
        "owner": "nixos",
        "repo": "nixpkgs",
        "rev": "530a53dcbc9437363471167a5e4762c5fcfa34a1",
        "type": "github"
      },
      "original": {
        "owner": "nixos",
        "ref": "nixos-21.05",
        "repo": "nixpkgs",
        "type": "github"
      }
    },
    "coq_artifacts": {
      "flake": false,
      "locked": {
        "lastModified": 1650934408,
        "narHash": "sha256-I8cGqLAnyIIABwKpMYjwA1swka6V09nkAB2qbV5EZgQ=",
        "owner": "ms-jpq",
        "repo": "coq.artifacts",
        "rev": "c9783b4c287eb29a0302df67919c4de557c830c0",
        "type": "github"
      },
      "original": {
        "owner": "ms-jpq",
        "repo": "coq.artifacts",
        "type": "github"
      }
    },
    "coq_nvim": {
      "flake": false,
      "locked": {
        "lastModified": 1650934407,
        "narHash": "sha256-zJJ9Cyf0QQWdFyU1D3odtf48us7osgmguGfsVcs/4LI=",
        "owner": "ms-jpq",
        "repo": "coq_nvim",
        "rev": "b4297af67e75cbdb70aa9a39c7cdbadb72ce0d11",
        "type": "github"
      },
      "original": {
        "owner": "ms-jpq",
        "repo": "coq_nvim",
        "type": "github"
      }
    },
    "coq_thirdparty": {
      "flake": false,
      "locked": {
        "lastModified": 1650934407,
        "narHash": "sha256-f0SmMOR6Xr0YyJ9VhMTY6il+WgScAsm0Cds09fNiFsA=",
        "owner": "ms-jpq",
        "repo": "coq.thirdparty",
        "rev": "2fb242faa190462fe4185764b849f2c8b952e125",
        "type": "github"
      },
      "original": {
        "owner": "ms-jpq",
        "repo": "coq.thirdparty",
        "type": "github"
      }
    },
    "dirbuf-nvim": {
      "flake": false,
      "locked": {
        "lastModified": 1650324423,
        "narHash": "sha256-77y3ncqP+e9NvVIZOPoUAF3Hle0632OqwtTmOXB+Abs=",
        "owner": "elihunter173",
        "repo": "dirbuf.nvim",
        "rev": "d347a7e21b94162ddfa4323b7d1408e90d8c9502",
        "type": "github"
      },
      "original": {
        "owner": "elihunter173",
        "repo": "dirbuf.nvim",
        "type": "github"
      }
    },
    "due_nvim": {
      "flake": false,
      "locked": {
        "lastModified": 1650019391,
        "narHash": "sha256-4klyHyFrQHrcobyLYJUCQv/QhPFOTP9d1nrXerraIcM=",
        "owner": "NFrid",
        "repo": "due.nvim",
        "rev": "6580854faa9abfba1f4719b25ad6d3652e1df2b6",
        "type": "github"
      },
      "original": {
        "owner": "NFrid",
        "repo": "due.nvim",
        "type": "github"
      }
    },
    "dwarffs": {
      "inputs": {
        "nix": "nix",
        "nixpkgs": [
          "nixpkgs"
        ]
      },
      "locked": {
        "lastModified": 1646560263,
        "narHash": "sha256-VYJFoEigK0DASnBiYUhQBe0c0O4mlcoGBlYN8qs2TOo=",
        "owner": "edolstra",
        "repo": "dwarffs",
        "rev": "e768ce3239156de05f7ff3210d86a80762730f30",
        "type": "github"
      },
      "original": {
        "owner": "edolstra",
        "repo": "dwarffs",
        "type": "github"
      }
    },
    "flake-compat": {
      "flake": false,
      "locked": {
        "lastModified": 1650374568,
        "narHash": "sha256-Z+s0J8/r907g149rllvwhb4pKi8Wam5ij0st8PwAh+E=",
        "owner": "edolstra",
        "repo": "flake-compat",
        "rev": "b4a34015c698c7793d592d66adbab377907a2be8",
        "type": "github"
      },
      "original": {
        "owner": "edolstra",
        "repo": "flake-compat",
        "type": "github"
      }
    },
    "flake-compat_2": {
      "flake": false,
      "locked": {
        "lastModified": 1650374568,
        "narHash": "sha256-Z+s0J8/r907g149rllvwhb4pKi8Wam5ij0st8PwAh+E=",
        "owner": "edolstra",
        "repo": "flake-compat",
        "rev": "b4a34015c698c7793d592d66adbab377907a2be8",
        "type": "github"
      },
      "original": {
        "owner": "edolstra",
        "repo": "flake-compat",
        "type": "github"
      }
    },
    "flake-utils": {
      "locked": {
        "lastModified": 1644229661,
        "narHash": "sha256-1YdnJAsNy69bpcjuoKdOYQX0YxZBiCYZo4Twxerqv7k=",
        "owner": "numtide",
        "repo": "flake-utils",
        "rev": "3cecb5b042f7f209c56ffd8371b2711a290ec797",
        "type": "github"
      },
      "original": {
        "owner": "numtide",
        "repo": "flake-utils",
        "type": "github"
      }
    },
    "flake-utils-plus": {
      "inputs": {
        "flake-utils": "flake-utils"
      },
      "locked": {
        "lastModified": 1647259887,
        "narHash": "sha256-yEkMbEHVO9qydluQ3uHGWX1PkfZhgDKxnd1rhZYZ72w=",
        "owner": "gytis-ivaskevicius",
        "repo": "flake-utils-plus",
        "rev": "06dba5f3b4fa2cc0bfc98ce9cd6f9a4d8db11d46",
        "type": "github"
      },
      "original": {
        "owner": "gytis-ivaskevicius",
        "repo": "flake-utils-plus",
        "type": "github"
      }
    },
    "flake-utils_2": {
      "locked": {
        "lastModified": 1631561581,
        "narHash": "sha256-3VQMV5zvxaVLvqqUrNz3iJelLw30mIVSfZmAaauM3dA=",
        "owner": "numtide",
        "repo": "flake-utils",
        "rev": "7e5bf3925f6fbdfaf50a2a7ca0be2879c4261d19",
        "type": "github"
      },
      "original": {
        "owner": "numtide",
        "repo": "flake-utils",
        "type": "github"
      }
    },
    "flake-utils_3": {
      "locked": {
        "lastModified": 1644229661,
        "narHash": "sha256-1YdnJAsNy69bpcjuoKdOYQX0YxZBiCYZo4Twxerqv7k=",
        "owner": "numtide",
        "repo": "flake-utils",
        "rev": "3cecb5b042f7f209c56ffd8371b2711a290ec797",
        "type": "github"
      },
      "original": {
        "owner": "numtide",
        "repo": "flake-utils",
        "type": "github"
      }
    },
    "home-manager": {
      "inputs": {
        "nixpkgs": [
          "nixpkgs"
        ]
      },
      "locked": {
        "lastModified": 1650920743,
        "narHash": "sha256-7xxdtLp295HswhyEjr991QJsBFeadUo43NiAsHnQ5+8=",
        "owner": "nix-community",
        "repo": "home-manager",
        "rev": "223a73c2ba7d358b23666937cb13a59b31df511c",
        "type": "github"
      },
      "original": {
        "owner": "nix-community",
        "repo": "home-manager",
        "type": "github"
      }
    },
    "impermanence": {
      "locked": {
        "lastModified": 1646131459,
        "narHash": "sha256-GPmgxvUFvQ1GmsGfWHy9+rcxWrczeDhS9XnAIPHi9XQ=",
        "owner": "nix-community",
        "repo": "impermanence",
        "rev": "2f39baeb7d039fda5fc8225111bb79474138e6f4",
        "type": "github"
      },
      "original": {
        "owner": "nix-community",
        "repo": "impermanence",
        "type": "github"
      }
    },
    "kmonad": {
      "inputs": {
        "flake-utils": "flake-utils_2",
        "nixpkgs": [
          "nixpkgs"
        ]
      },
      "locked": {
        "dir": "nix",
        "lastModified": 1650438331,
        "narHash": "sha256-O531r2t6CcIHhhDdHJXeu7LFND/Ss43qyha4mXlB9LA=",
        "owner": "kmonad",
        "repo": "kmonad",
        "rev": "744c0445ac9beaece489cd6cdc981eeae45467a7",
        "type": "github"
      },
      "original": {
        "dir": "nix",
        "owner": "kmonad",
        "repo": "kmonad",
        "type": "github"
      }
    },
    "lowdown-src": {
      "flake": false,
      "locked": {
        "lastModified": 1633514407,
        "narHash": "sha256-Dw32tiMjdK9t3ETl5fzGrutQTzh2rufgZV4A/BbxuD4=",
        "owner": "kristapsdz",
        "repo": "lowdown",
        "rev": "d2c2b44ff6c27b936ec27358a2653caaef8f73b8",
        "type": "github"
      },
      "original": {
        "owner": "kristapsdz",
        "repo": "lowdown",
        "type": "github"
      }
    },
    "lowdown-src_2": {
      "flake": false,
      "locked": {
        "lastModified": 1633514407,
        "narHash": "sha256-Dw32tiMjdK9t3ETl5fzGrutQTzh2rufgZV4A/BbxuD4=",
        "owner": "kristapsdz",
        "repo": "lowdown",
        "rev": "d2c2b44ff6c27b936ec27358a2653caaef8f73b8",
        "type": "github"
      },
      "original": {
        "owner": "kristapsdz",
        "repo": "lowdown",
        "type": "github"
      }
    },
    "nabla-nvim": {
      "flake": false,
      "locked": {
        "lastModified": 1648974601,
        "narHash": "sha256-aieNZ19n8CGJGaNCBuBLN/u1trIQhiYhLAchZvrjBzA=",
        "owner": "jbyuki",
        "repo": "nabla.nvim",
        "rev": "b006abfa36618d6d0df032b01e294972db2c7334",
        "type": "github"
      },
      "original": {
        "owner": "jbyuki",
        "repo": "nabla.nvim",
        "type": "github"
      }
    },
    "neorg-telescope": {
      "flake": false,
      "locked": {
        "lastModified": 1650966686,
        "narHash": "sha256-azmjJwKCtq4zmxcnLrIueZLJgQpZDCZKm6K4ZXJZws4=",
        "owner": "nvim-neorg",
        "repo": "neorg-telescope",
        "rev": "e73e867239f2d10baf795002b57cd4a9692283e6",
        "type": "github"
      },
      "original": {
        "owner": "nvim-neorg",
        "repo": "neorg-telescope",
        "type": "github"
      }
    },
    "neovim": {
      "inputs": {
        "flake-utils": "flake-utils_3",
        "nixpkgs": [
          "nixpkgs"
        ]
      },
      "locked": {
        "dir": "contrib",
        "lastModified": 1650946819,
        "narHash": "sha256-96tABVv1Dauk0FH7Dvk1ZXoabCyIpmx3oJUMLaiF9Ww=",
        "owner": "neovim",
        "repo": "neovim",
        "rev": "a75efc237d8669ef12fdfc9a7c5c5cf0f77083dc",
        "type": "github"
      },
      "original": {
        "dir": "contrib",
        "owner": "neovim",
        "repo": "neovim",
        "type": "github"
      }
    },
    "nix": {
      "inputs": {
        "lowdown-src": "lowdown-src",
        "nixpkgs": "nixpkgs",
        "nixpkgs-regression": "nixpkgs-regression"
      },
      "locked": {
        "lastModified": 1646337190,
        "narHash": "sha256-7rdubErpmKjNlmjR1GfwAyazJeqUnJUw/Xf1uon/BqQ=",
        "owner": "NixOS",
        "repo": "nix",
        "rev": "b09baf690bb00125805a02e0feae9636b2114599",
        "type": "github"
      },
      "original": {
        "id": "nix",
        "type": "indirect"
      }
    },
    "nix-matlab": {
      "inputs": {
        "flake-compat": "flake-compat",
        "nixpkgs": [
          "nixpkgs"
        ]
      },
      "locked": {
        "lastModified": 1650900228,
        "narHash": "sha256-G5yMYECO5YBE76W1cleh8/XAhgswwAO5tl2mRsm25hw=",
        "owner": "doronbehar",
        "repo": "nix-matlab",
        "rev": "1d5c304a3155c1d5db1345bc6aafea163d1cb432",
        "type": "gitlab"
      },
      "original": {
        "owner": "doronbehar",
        "repo": "nix-matlab",
        "type": "gitlab"
      }
    },
    "nix_2": {
      "inputs": {
        "lowdown-src": "lowdown-src_2",
        "nixpkgs": [
          "nixpkgs"
        ],
        "nixpkgs-regression": "nixpkgs-regression_2"
      },
      "locked": {
        "lastModified": 1650630115,
        "narHash": "sha256-aQRR8aLusvu0eyVMGLa6CZKYiu8tM4yW9CPvtaNT9Dc=",
        "owner": "NixOS",
        "repo": "nix",
        "rev": "7f814d6d9af9d78f922d59115a94078f807676a8",
        "type": "github"
      },
      "original": {
        "owner": "NixOS",
        "repo": "nix",
        "type": "github"
      }
    },
    "nixpkgs": {
      "locked": {
        "lastModified": 1632864508,
        "narHash": "sha256-d127FIvGR41XbVRDPVvozUPQ/uRHbHwvfyKHwEt5xFM=",
        "owner": "NixOS",
        "repo": "nixpkgs",
        "rev": "82891b5e2c2359d7e58d08849e4c89511ab94234",
        "type": "github"
      },
      "original": {
        "id": "nixpkgs",
        "ref": "nixos-21.05-small",
        "type": "indirect"
      }
    },
    "nixpkgs-latest-stable": {
      "locked": {
        "lastModified": 1650830814,
        "narHash": "sha256-P7vGsHdS19eHVUJt4BeQA4JfauL2nOpEcnYKIbX76YM=",
        "owner": "NixOS",
        "repo": "nixpkgs",
        "rev": "c254b8c915ac912ae9ee9dc74eac555ccbf33795",
        "type": "github"
      },
      "original": {
        "owner": "NixOS",
        "ref": "nixos-21.11",
        "repo": "nixpkgs",
        "type": "github"
      }
    },
    "nixpkgs-regression": {
      "locked": {
        "lastModified": 1643052045,
        "narHash": "sha256-uGJ0VXIhWKGXxkeNnq4TvV3CIOkUJ3PAoLZ3HMzNVMw=",
        "owner": "NixOS",
        "repo": "nixpkgs",
        "rev": "215d4d0fd80ca5163643b03a33fde804a29cc1e2",
        "type": "github"
      },
      "original": {
        "id": "nixpkgs",
        "rev": "215d4d0fd80ca5163643b03a33fde804a29cc1e2",
        "type": "indirect"
      }
    },
    "nixpkgs-regression_2": {
      "locked": {
        "lastModified": 1643052045,
        "narHash": "sha256-uGJ0VXIhWKGXxkeNnq4TvV3CIOkUJ3PAoLZ3HMzNVMw=",
        "owner": "NixOS",
        "repo": "nixpkgs",
        "rev": "215d4d0fd80ca5163643b03a33fde804a29cc1e2",
        "type": "github"
      },
      "original": {
        "id": "nixpkgs",
        "rev": "215d4d0fd80ca5163643b03a33fde804a29cc1e2",
        "type": "indirect"
      }
    },
    "nixpkgs-wayland": {
      "inputs": {
        "cachix": "cachix",
        "flake-compat": "flake-compat_2",
        "nixpkgs": [
          "nixpkgs"
        ]
      },
      "locked": {
        "lastModified": 1650952822,
        "narHash": "sha256-3Vne8HiCpM3ucw2jxPdlFGD3J3VN+Yho+sVDhtzVKlI=",
        "owner": "nix-community",
        "repo": "nixpkgs-wayland",
        "rev": "41874df0be9e57ce4f4a60dae0adbaeda3cad705",
        "type": "github"
      },
      "original": {
        "owner": "nix-community",
        "repo": "nixpkgs-wayland",
        "type": "github"
      }
    },
    "nixpkgs_2": {
      "locked": {
        "lastModified": 1650831523,
        "narHash": "sha256-6pDZ08SAXsUx5rOP391x+TG39ENP/XA8VMa1tQvgEjc=",
        "owner": "NixOS",
        "repo": "nixpkgs",
        "rev": "87d34a6b8982e901b8e50096b8e79ebc0e66cda0",
        "type": "github"
      },
      "original": {
        "owner": "NixOS",
        "ref": "nixos-unstable",
        "repo": "nixpkgs",
        "type": "github"
      }
    },
    "nur": {
      "locked": {
        "lastModified": 1650963082,
        "narHash": "sha256-x/1mASCKTn1ZRleSbRIlY1sX3p8aHCxdprrhzz/Weh0=",
        "owner": "nix-community",
        "repo": "NUR",
        "rev": "58c68839f88a5af374603394ca7e6665ef7d3b89",
        "type": "github"
      },
      "original": {
        "owner": "nix-community",
        "repo": "NUR",
        "type": "github"
      }
    },
    "nvim-compleet": {
      "flake": false,
      "locked": {
        "lastModified": 1650922025,
        "narHash": "sha256-Be+Kk9DlqOXDXShWEQRLBWLV7ws5fmkytUVUN6dCmNg=",
        "owner": "noib3",
        "repo": "nvim-compleet",
        "rev": "67647fcc4f9851bacab4d519c9038bd7e13eb50c",
        "type": "github"
      },
      "original": {
        "owner": "noib3",
        "repo": "nvim-compleet",
        "type": "github"
      }
    },
    "nvim-workbench": {
      "flake": false,
      "locked": {
        "lastModified": 1644250324,
        "narHash": "sha256-3NvQvdchQpQDR7jOjRi07pUvm/cZSBvvKYMHDkUSoCo=",
        "owner": "marcushwz",
        "repo": "nvim-workbench",
        "rev": "cdd273b9a84b3064a093b968702a5973fedc6ac0",
        "type": "github"
      },
      "original": {
        "owner": "marcushwz",
        "repo": "nvim-workbench",
        "type": "github"
      }
    },
    "root": {
      "inputs": {
        "coq_artifacts": "coq_artifacts",
        "coq_nvim": "coq_nvim",
        "coq_thirdparty": "coq_thirdparty",
        "dirbuf-nvim": "dirbuf-nvim",
        "due_nvim": "due_nvim",
        "dwarffs": "dwarffs",
        "flake-utils-plus": "flake-utils-plus",
        "home-manager": "home-manager",
        "impermanence": "impermanence",
        "kmonad": "kmonad",
        "nabla-nvim": "nabla-nvim",
        "neorg-telescope": "neorg-telescope",
        "neovim": "neovim",
        "nix": "nix_2",
        "nix-matlab": "nix-matlab",
        "nixpkgs": "nixpkgs_2",
        "nixpkgs-latest-stable": "nixpkgs-latest-stable",
        "nixpkgs-wayland": "nixpkgs-wayland",
        "nur": "nur",
        "nvim-compleet": "nvim-compleet",
        "nvim-workbench": "nvim-workbench",
        "sops-nix": "sops-nix",
        "tree-sitter-norg-meta": "tree-sitter-norg-meta",
        "tree-sitter-norg-table": "tree-sitter-norg-table",
        "vim-latex": "vim-latex",
        "windline-nvim": "windline-nvim",
        "zig": "zig"
      }
    },
    "sops-nix": {
      "inputs": {
        "nixpkgs": [
          "nixpkgs"
        ]
      },
      "locked": {
        "lastModified": 1649756291,
        "narHash": "sha256-KTll8bCINAzIUGaaMrbn9wb5nfhkXRLgmFrWGR/Dku0=",
        "owner": "Mic92",
        "repo": "sops-nix",
        "rev": "c2614c4fe61943b3d280ac1892fcebe6e8eaf8c8",
        "type": "github"
      },
      "original": {
        "owner": "Mic92",
        "repo": "sops-nix",
        "type": "github"
      }
    },
    "tree-sitter-norg-meta": {
      "flake": false,
      "locked": {
        "lastModified": 1645550332,
        "narHash": "sha256-+NInywA8KOfAVnetuRW/9GJIqFWijrMr23dhZx4b6EQ=",
        "owner": "nvim-neorg",
        "repo": "tree-sitter-norg-meta",
        "rev": "4687b53e656b920cde6c0b9a7b9acf9a665cd838",
        "type": "github"
      },
      "original": {
        "owner": "nvim-neorg",
        "repo": "tree-sitter-norg-meta",
        "type": "github"
      }
    },
    "tree-sitter-norg-table": {
      "flake": false,
      "locked": {
        "lastModified": 1644616425,
        "narHash": "sha256-xTH4LmqhtfyN9JGQdquJLQz1McZQItdEY5HpJxbuYC0=",
        "owner": "nvim-neorg",
        "repo": "tree-sitter-norg-table",
        "rev": "f354ea343b8803948e6e1df36eb586e31c529900",
        "type": "github"
      },
      "original": {
        "owner": "nvim-neorg",
        "repo": "tree-sitter-norg-table",
        "type": "github"
      }
    },
    "vim-latex": {
      "flake": false,
      "locked": {
        "lastModified": 1646840918,
        "narHash": "sha256-f3QgL4MYncoOsCFTie2P2w4SnynBFyehnE9NQ869Izw=",
        "owner": "vim-latex",
        "repo": "vim-latex",
        "rev": "dc44e6a8a2fa80dde50dd64de9e5d237ff71e799",
        "type": "github"
      },
      "original": {
        "owner": "vim-latex",
        "repo": "vim-latex",
        "type": "github"
      }
    },
    "windline-nvim": {
      "flake": false,
      "locked": {
        "lastModified": 1650579318,
        "narHash": "sha256-V8ooZ/VDHW62hUe+lHo7MwlM8gJfTTYHMZTwYGRhBZI=",
        "owner": "windwp",
        "repo": "windline.nvim",
        "rev": "c376d0e148348db7bb4450005f1b9080b80a893c",
        "type": "github"
      },
      "original": {
        "owner": "windwp",
        "repo": "windline.nvim",
        "type": "github"
      }
    },
    "zig": {
      "flake": false,
      "locked": {
        "lastModified": 1650968427,
        "narHash": "sha256-cLbKxpBm6o7fAmXFfl8NZblI0TsHAMXs86hoaU50MTo=",
        "owner": "ziglang",
        "repo": "zig",
        "rev": "5f2d0d414dc44af7bda0e8d805d038e8f1a6f9d3",
        "type": "github"
      },
      "original": {
        "owner": "ziglang",
        "repo": "zig",
        "type": "github"
      }
    }
  },
  "root": "root",
  "version": 7
}
