{
  "nodes": {
    "cachix": {
      "locked": {
        "lastModified": 1642244250,
        "narHash": "sha256-vWpUEqQdVP4srj+/YLJRTN9vjpTs4je0cdWKXPbDItc=",
        "owner": "nixos",
        "repo": "nixpkgs",
        "rev": "0fd9ee1aa36ce865ad273f4f07fdc093adeb5c00",
        "type": "github"
      },
      "original": {
        "owner": "nixos",
        "ref": "nixos-21.05",
        "repo": "nixpkgs",
        "type": "github"
      }
    },
    "coq_artifacts": {
      "flake": false,
      "locked": {
        "lastModified": 1643329976,
        "narHash": "sha256-v9AnKVIBju5pQtDT2KYy5ISph2MVdJgnzrfOPi9VLR4=",
        "owner": "ms-jpq",
        "repo": "coq.artifacts",
        "rev": "070277f2b6c27907030bdd8da9c3b8627ff08959",
        "type": "github"
      },
      "original": {
        "owner": "ms-jpq",
        "repo": "coq.artifacts",
        "type": "github"
      }
    },
    "coq_nvim": {
      "flake": false,
      "locked": {
        "lastModified": 1643329975,
        "narHash": "sha256-KfpUhyJdzPX/KIOH7BrcLzyqpJLTu2Qk5uOxYcCILTw=",
        "owner": "ms-jpq",
        "repo": "coq_nvim",
        "rev": "4d8740d7e6b5c446c7919382bdb6f49ae3778b0d",
        "type": "github"
      },
      "original": {
        "owner": "ms-jpq",
        "repo": "coq_nvim",
        "type": "github"
      }
    },
    "coq_thirdparty": {
      "flake": false,
      "locked": {
        "lastModified": 1643329975,
        "narHash": "sha256-FDjN8itWhQNUU7XsUBpXTHCrsPbDQ2R84vQbagmMLkM=",
        "owner": "ms-jpq",
        "repo": "coq.thirdparty",
        "rev": "ffbb7f8be04584b6244a193ebe93e385cdf991fc",
        "type": "github"
      },
      "original": {
        "owner": "ms-jpq",
        "repo": "coq.thirdparty",
        "type": "github"
      }
    },
    "dirbuf-nvim": {
      "flake": false,
      "locked": {
        "lastModified": 1643337966,
        "narHash": "sha256-nT2V5sCHOqqNScTJl4BMth4W1h0O+CQTjGyQsUL4Qu4=",
        "owner": "elihunter173",
        "repo": "dirbuf.nvim",
        "rev": "7cdcd19324c93b90e7c2bf35e59680c174abac62",
        "type": "github"
      },
      "original": {
        "owner": "elihunter173",
        "repo": "dirbuf.nvim",
        "type": "github"
      }
    },
    "due_nvim": {
      "flake": false,
      "locked": {
        "lastModified": 1625441570,
        "narHash": "sha256-xcbBZfZnGk0tcIGnGY8hJZ82xOBVECLXXPF53SJmFy0=",
        "owner": "NFrid",
        "repo": "due.nvim",
        "rev": "86b08fc1dbaa5b2dc1502827a9be150add114723",
        "type": "github"
      },
      "original": {
        "owner": "NFrid",
        "repo": "due.nvim",
        "type": "github"
      }
    },
    "dwarffs": {
      "inputs": {
        "nix": "nix",
        "nixpkgs": [
          "nixpkgs"
        ]
      },
      "locked": {
        "lastModified": 1643373830,
        "narHash": "sha256-hlrpf0ss/LeiDTdcZInH1NlHUrxudDSrvuKyLThxGn0=",
        "owner": "edolstra",
        "repo": "dwarffs",
        "rev": "69d73417d83ebeb7711912e33515d87049b39de0",
        "type": "github"
      },
      "original": {
        "owner": "edolstra",
        "repo": "dwarffs",
        "type": "github"
      }
    },
    "flake-utils": {
      "locked": {
        "lastModified": 1629481132,
        "narHash": "sha256-JHgasjPR0/J1J3DRm4KxM4zTyAj4IOJY8vIl75v/kPI=",
        "owner": "numtide",
        "repo": "flake-utils",
        "rev": "997f7efcb746a9c140ce1f13c72263189225f482",
        "type": "github"
      },
      "original": {
        "owner": "numtide",
        "repo": "flake-utils",
        "type": "github"
      }
    },
    "flake-utils_2": {
      "locked": {
        "lastModified": 1638122382,
        "narHash": "sha256-sQzZzAbvKEqN9s0bzWuYmRaA03v40gaJ4+iL1LXjaeI=",
        "owner": "numtide",
        "repo": "flake-utils",
        "rev": "74f7e4319258e287b0f9cb95426c9853b282730b",
        "type": "github"
      },
      "original": {
        "owner": "numtide",
        "repo": "flake-utils",
        "type": "github"
      }
    },
    "home-manager": {
      "inputs": {
        "nixpkgs": [
          "nixpkgs"
        ]
      },
      "locked": {
        "lastModified": 1643307345,
        "narHash": "sha256-xiu7i6Q3Dqu4lLfDNaAL/f2DVewBxL+ysMuAyJiGv+4=",
        "owner": "nix-community",
        "repo": "home-manager",
        "rev": "4e92ec84f93a293042a64c3ed56ac8aee62fb6e1",
        "type": "github"
      },
      "original": {
        "owner": "nix-community",
        "repo": "home-manager",
        "type": "github"
      }
    },
    "impermanence": {
      "locked": {
        "lastModified": 1642362310,
        "narHash": "sha256-/ZkAKJpvAFG9Nd0kOUUmqLb1pKOa0cpU832khuxUAUo=",
        "owner": "nix-community",
        "repo": "impermanence",
        "rev": "ff2240b04ffb9322241b9f6374305cbf6a98a285",
        "type": "github"
      },
      "original": {
        "owner": "nix-community",
        "repo": "impermanence",
        "type": "github"
      }
    },
    "lowdown-src": {
      "flake": false,
      "locked": {
        "lastModified": 1633514407,
        "narHash": "sha256-Dw32tiMjdK9t3ETl5fzGrutQTzh2rufgZV4A/BbxuD4=",
        "owner": "kristapsdz",
        "repo": "lowdown",
        "rev": "d2c2b44ff6c27b936ec27358a2653caaef8f73b8",
        "type": "github"
      },
      "original": {
        "owner": "kristapsdz",
        "repo": "lowdown",
        "type": "github"
      }
    },
    "lowdown-src_2": {
      "flake": false,
      "locked": {
        "lastModified": 1633514407,
        "narHash": "sha256-Dw32tiMjdK9t3ETl5fzGrutQTzh2rufgZV4A/BbxuD4=",
        "owner": "kristapsdz",
        "repo": "lowdown",
        "rev": "d2c2b44ff6c27b936ec27358a2653caaef8f73b8",
        "type": "github"
      },
      "original": {
        "owner": "kristapsdz",
        "repo": "lowdown",
        "type": "github"
      }
    },
    "nabla-nvim": {
      "flake": false,
      "locked": {
        "lastModified": 1636408932,
        "narHash": "sha256-tBXxEkm3sHUE73yvPUzQy9ZK0eHuYAA0ooxok6icVnM=",
        "owner": "jbyuki",
        "repo": "nabla.nvim",
        "rev": "549db603607c8ac8509e54482a6339a1d3286af6",
        "type": "github"
      },
      "original": {
        "owner": "jbyuki",
        "repo": "nabla.nvim",
        "type": "github"
      }
    },
    "neorg-telescope": {
      "flake": false,
      "locked": {
        "lastModified": 1641047375,
        "narHash": "sha256-BShWwaK4L49bI+x0wLfAsRCeD7C+lDoB90iu7VkWKeI=",
        "owner": "nvim-neorg",
        "repo": "neorg-telescope",
        "rev": "75c2ad02d91c353069fdcb55418d4f6eb6aec74e",
        "type": "github"
      },
      "original": {
        "owner": "nvim-neorg",
        "repo": "neorg-telescope",
        "type": "github"
      }
    },
    "neovim": {
      "inputs": {
        "flake-utils": "flake-utils",
        "nixpkgs": [
          "nixpkgs"
        ]
      },
      "locked": {
        "dir": "contrib",
        "lastModified": 1643376228,
        "narHash": "sha256-5/R5TTX2eS/D/3mJZ0UPRgDPNaZV1+G7ip6y5rJtNKI=",
        "owner": "neovim",
        "repo": "neovim",
        "rev": "6cb670cb2ce83a50177eaf37656c0b3c07c3ffde",
        "type": "github"
      },
      "original": {
        "dir": "contrib",
        "owner": "neovim",
        "repo": "neovim",
        "type": "github"
      }
    },
    "nix": {
      "inputs": {
        "lowdown-src": "lowdown-src",
        "nixpkgs": "nixpkgs",
        "nixpkgs-regression": "nixpkgs-regression"
      },
      "locked": {
        "lastModified": 1643311091,
        "narHash": "sha256-gbhgy/rDn4Pbr5MqoOoMOeqbdcmA4GBojw3+4jR061w=",
        "owner": "NixOS",
        "repo": "nix",
        "rev": "f05fefcd0306a8d24f42da52b1e8ea49e4b4c8d0",
        "type": "github"
      },
      "original": {
        "id": "nix",
        "type": "indirect"
      }
    },
    "nix_2": {
      "inputs": {
        "lowdown-src": "lowdown-src_2",
        "nixpkgs": [
          "nixpkgs"
        ],
        "nixpkgs-regression": "nixpkgs-regression_2"
      },
      "locked": {
        "lastModified": 1643311091,
        "narHash": "sha256-gbhgy/rDn4Pbr5MqoOoMOeqbdcmA4GBojw3+4jR061w=",
        "owner": "NixOS",
        "repo": "nix",
        "rev": "f05fefcd0306a8d24f42da52b1e8ea49e4b4c8d0",
        "type": "github"
      },
      "original": {
        "owner": "NixOS",
        "repo": "nix",
        "type": "github"
      }
    },
    "nixpkgs": {
      "locked": {
        "lastModified": 1632864508,
        "narHash": "sha256-d127FIvGR41XbVRDPVvozUPQ/uRHbHwvfyKHwEt5xFM=",
        "owner": "NixOS",
        "repo": "nixpkgs",
        "rev": "82891b5e2c2359d7e58d08849e4c89511ab94234",
        "type": "github"
      },
      "original": {
        "id": "nixpkgs",
        "ref": "nixos-21.05-small",
        "type": "indirect"
      }
    },
    "nixpkgs-latest-stable": {
      "locked": {
        "lastModified": 1643247693,
        "narHash": "sha256-rmShxIuNjYBz4l83J0J++sug+MURUY1koPCzX4F8hfo=",
        "owner": "NixOS",
        "repo": "nixpkgs",
        "rev": "6c4b9f1a2fd761e2d384ef86cff0d208ca27fdca",
        "type": "github"
      },
      "original": {
        "owner": "NixOS",
        "ref": "nixos-21.11",
        "repo": "nixpkgs",
        "type": "github"
      }
    },
    "nixpkgs-regression": {
      "locked": {
        "lastModified": 1643052045,
        "narHash": "sha256-uGJ0VXIhWKGXxkeNnq4TvV3CIOkUJ3PAoLZ3HMzNVMw=",
        "owner": "NixOS",
        "repo": "nixpkgs",
        "rev": "215d4d0fd80ca5163643b03a33fde804a29cc1e2",
        "type": "github"
      },
      "original": {
        "id": "nixpkgs",
        "rev": "215d4d0fd80ca5163643b03a33fde804a29cc1e2",
        "type": "indirect"
      }
    },
    "nixpkgs-regression_2": {
      "locked": {
        "lastModified": 1643052045,
        "narHash": "sha256-uGJ0VXIhWKGXxkeNnq4TvV3CIOkUJ3PAoLZ3HMzNVMw=",
        "owner": "NixOS",
        "repo": "nixpkgs",
        "rev": "215d4d0fd80ca5163643b03a33fde804a29cc1e2",
        "type": "github"
      },
      "original": {
        "id": "nixpkgs",
        "rev": "215d4d0fd80ca5163643b03a33fde804a29cc1e2",
        "type": "indirect"
      }
    },
    "nixpkgs-wayland": {
      "inputs": {
        "cachix": "cachix",
        "nixpkgs": [
          "nixpkgs"
        ]
      },
      "locked": {
        "lastModified": 1643367130,
        "narHash": "sha256-XmGoq6dApis1DATeVsBQygs8YPTEhrvU+F9G9FZeMA0=",
        "owner": "nix-community",
        "repo": "nixpkgs-wayland",
        "rev": "dabb4267548ee98273969cb2b21685b698e2a8ce",
        "type": "github"
      },
      "original": {
        "owner": "nix-community",
        "repo": "nixpkgs-wayland",
        "type": "github"
      }
    },
    "nixpkgs_2": {
      "locked": {
        "lastModified": 1643169865,
        "narHash": "sha256-+KIpNRazbc8Gac9jdWCKQkFv9bjceaLaLhlwqUEYu8c=",
        "owner": "NixOS",
        "repo": "nixpkgs",
        "rev": "945ec499041db73043f745fad3b2a3a01e826081",
        "type": "github"
      },
      "original": {
        "owner": "NixOS",
        "ref": "nixos-unstable",
        "repo": "nixpkgs",
        "type": "github"
      }
    },
    "nur": {
      "locked": {
        "lastModified": 1643367038,
        "narHash": "sha256-LeXL6AX3IPM0pi9zuatANXX6HyVjvCOw446Au+XrEOk=",
        "owner": "nix-community",
        "repo": "NUR",
        "rev": "3a550155187093fb86c7c3e73a4e95b88b2ca12f",
        "type": "github"
      },
      "original": {
        "owner": "nix-community",
        "repo": "NUR",
        "type": "github"
      }
    },
    "nvim-workbench": {
      "flake": false,
      "locked": {
        "lastModified": 1626089606,
        "narHash": "sha256-5lA2UxElt0km5hXeZn1P8wJ5hlaNyn36DXViMCzpZ0s=",
        "owner": "marcushwz",
        "repo": "nvim-workbench",
        "rev": "0f0ad47b474aeb947a93debf8ed12a60b709143f",
        "type": "github"
      },
      "original": {
        "owner": "marcushwz",
        "repo": "nvim-workbench",
        "type": "github"
      }
    },
    "root": {
      "inputs": {
        "coq_artifacts": "coq_artifacts",
        "coq_nvim": "coq_nvim",
        "coq_thirdparty": "coq_thirdparty",
        "dirbuf-nvim": "dirbuf-nvim",
        "due_nvim": "due_nvim",
        "dwarffs": "dwarffs",
        "home-manager": "home-manager",
        "impermanence": "impermanence",
        "nabla-nvim": "nabla-nvim",
        "neorg-telescope": "neorg-telescope",
        "neovim": "neovim",
        "nix": "nix_2",
        "nixpkgs": "nixpkgs_2",
        "nixpkgs-latest-stable": "nixpkgs-latest-stable",
        "nixpkgs-wayland": "nixpkgs-wayland",
        "nur": "nur",
        "nvim-workbench": "nvim-workbench",
        "sops-nix": "sops-nix",
        "utils": "utils",
        "vim-latex": "vim-latex",
        "windline-nvim": "windline-nvim",
        "zig": "zig"
      }
    },
    "sops-nix": {
      "inputs": {
        "nixpkgs": [
          "nixpkgs"
        ]
      },
      "locked": {
        "lastModified": 1643003126,
        "narHash": "sha256-JO5WrnP6+5qN3isdmm9VmjzvCM64UElgGnql7vEGjKU=",
        "owner": "Mic92",
        "repo": "sops-nix",
        "rev": "c86068ac9a317f235be24a468206f874ba00f8d0",
        "type": "github"
      },
      "original": {
        "owner": "Mic92",
        "repo": "sops-nix",
        "type": "github"
      }
    },
    "utils": {
      "inputs": {
        "flake-utils": "flake-utils_2"
      },
      "locked": {
        "lastModified": 1639385028,
        "narHash": "sha256-oqorKz3mwf7UuDJwlbCEYCB2LfcWLL0DkeCWhRIL820=",
        "owner": "gytis-ivaskevicius",
        "repo": "flake-utils-plus",
        "rev": "be1be083af014720c14f3b574f57b6173b4915d0",
        "type": "github"
      },
      "original": {
        "owner": "gytis-ivaskevicius",
        "repo": "flake-utils-plus",
        "type": "github"
      }
    },
    "vim-latex": {
      "flake": false,
      "locked": {
        "lastModified": 1629271826,
        "narHash": "sha256-/HfRmi37vLbMSj7dkXqJme65e1zlRxmIttH7PZ6Cpf8=",
        "owner": "vim-latex",
        "repo": "vim-latex",
        "rev": "0760891c71e4c332d0b07704f2356bc4f56a7128",
        "type": "github"
      },
      "original": {
        "owner": "vim-latex",
        "repo": "vim-latex",
        "type": "github"
      }
    },
    "windline-nvim": {
      "flake": false,
      "locked": {
        "lastModified": 1641610918,
        "narHash": "sha256-rQmYMKRPFub1Fq7Df7OF90mN7xYLSeD1TP+ZJk4gQzM=",
        "owner": "windwp",
        "repo": "windline.nvim",
        "rev": "15d3a880dd832d502789c020e65a523bedcacc04",
        "type": "github"
      },
      "original": {
        "owner": "windwp",
        "repo": "windline.nvim",
        "type": "github"
      }
    },
    "zig": {
      "flake": false,
      "locked": {
        "lastModified": 1643315968,
        "narHash": "sha256-W7ulaoByXyrtArNB7EDxILVdvR+Jp0poHAbL4w5gz7I=",
        "owner": "ziglang",
        "repo": "zig",
        "rev": "0e6d2184cacf2dd1fad7508b2f9ae99d78763148",
        "type": "github"
      },
      "original": {
        "owner": "ziglang",
        "repo": "zig",
        "type": "github"
      }
    }
  },
  "root": "root",
  "version": 7
}
