{
  "nodes": {
    "cachix": {
      "locked": {
        "lastModified": 1656032109,
        "narHash": "sha256-yVpOG/FDHQa8hzhTGoLFgplTCDH/+ydYsF7Mc3pMQfk=",
        "owner": "nixos",
        "repo": "nixpkgs",
        "rev": "902d91def1efbea804f5158e5999cb113cedf04b",
        "type": "github"
      },
      "original": {
        "owner": "nixos",
        "ref": "nixos-21.11",
        "repo": "nixpkgs",
        "type": "github"
      }
    },
    "coq_artifacts": {
      "flake": false,
      "locked": {
        "lastModified": 1656291654,
        "narHash": "sha256-/7nSRX6n16kvov0UGTlcGTvKlQJr4yNvnK6ah2CjubY=",
        "owner": "ms-jpq",
        "repo": "coq.artifacts",
        "rev": "0bce375a6815d53c361c6179656d65b8350f6dff",
        "type": "github"
      },
      "original": {
        "owner": "ms-jpq",
        "repo": "coq.artifacts",
        "type": "github"
      }
    },
    "coq_nvim": {
      "flake": false,
      "locked": {
        "lastModified": 1656291653,
        "narHash": "sha256-AbTb4o1XO0g3AxaOPetwoKyYKfyqtHfsUwNoEMsyjxE=",
        "owner": "ms-jpq",
        "repo": "coq_nvim",
        "rev": "440c5f7be83e59c1a69a5e68b127b8e78b5ebfbc",
        "type": "github"
      },
      "original": {
        "owner": "ms-jpq",
        "repo": "coq_nvim",
        "type": "github"
      }
    },
    "coq_thirdparty": {
      "flake": false,
      "locked": {
        "lastModified": 1656291652,
        "narHash": "sha256-OElDiNmUA6/yEJOtWxzFl5gKZRDMCgagpB42E8qt9v4=",
        "owner": "ms-jpq",
        "repo": "coq.thirdparty",
        "rev": "259ea2b6faaec0369e7ed9ba441846e8239d674b",
        "type": "github"
      },
      "original": {
        "owner": "ms-jpq",
        "repo": "coq.thirdparty",
        "type": "github"
      }
    },
    "dirbuf-nvim": {
      "flake": false,
      "locked": {
        "lastModified": 1656023510,
        "narHash": "sha256-b4M4oeA/6Zoh6QpXgg6e8E9oUZgDXPVefElFmEo0vIY=",
        "owner": "elihunter173",
        "repo": "dirbuf.nvim",
        "rev": "d610602ebb81a071bef1674c4b0b5fa98f111204",
        "type": "github"
      },
      "original": {
        "owner": "elihunter173",
        "repo": "dirbuf.nvim",
        "type": "github"
      }
    },
    "due_nvim": {
      "flake": false,
      "locked": {
        "lastModified": 1650019391,
        "narHash": "sha256-4klyHyFrQHrcobyLYJUCQv/QhPFOTP9d1nrXerraIcM=",
        "owner": "NFrid",
        "repo": "due.nvim",
        "rev": "6580854faa9abfba1f4719b25ad6d3652e1df2b6",
        "type": "github"
      },
      "original": {
        "owner": "NFrid",
        "repo": "due.nvim",
        "type": "github"
      }
    },
    "dwarffs": {
      "inputs": {
        "nix": "nix",
        "nixpkgs": [
          "nixpkgs"
        ]
      },
      "locked": {
        "lastModified": 1656187246,
        "narHash": "sha256-kq5dejftKMkHMBhwyocis9wZrkdCIZUFm2IfO6KLYjU=",
        "owner": "edolstra",
        "repo": "dwarffs",
        "rev": "b439f87e614ad4664e57eea29afac337c9a4839f",
        "type": "github"
      },
      "original": {
        "owner": "edolstra",
        "repo": "dwarffs",
        "type": "github"
      }
    },
    "flake-compat": {
      "flake": false,
      "locked": {
        "lastModified": 1650374568,
        "narHash": "sha256-Z+s0J8/r907g149rllvwhb4pKi8Wam5ij0st8PwAh+E=",
        "owner": "edolstra",
        "repo": "flake-compat",
        "rev": "b4a34015c698c7793d592d66adbab377907a2be8",
        "type": "github"
      },
      "original": {
        "owner": "edolstra",
        "repo": "flake-compat",
        "type": "github"
      }
    },
    "flake-compat_2": {
      "flake": false,
      "locked": {
        "lastModified": 1650374568,
        "narHash": "sha256-Z+s0J8/r907g149rllvwhb4pKi8Wam5ij0st8PwAh+E=",
        "owner": "edolstra",
        "repo": "flake-compat",
        "rev": "b4a34015c698c7793d592d66adbab377907a2be8",
        "type": "github"
      },
      "original": {
        "owner": "edolstra",
        "repo": "flake-compat",
        "type": "github"
      }
    },
    "flake-utils": {
      "locked": {
        "lastModified": 1644229661,
        "narHash": "sha256-1YdnJAsNy69bpcjuoKdOYQX0YxZBiCYZo4Twxerqv7k=",
        "owner": "numtide",
        "repo": "flake-utils",
        "rev": "3cecb5b042f7f209c56ffd8371b2711a290ec797",
        "type": "github"
      },
      "original": {
        "owner": "numtide",
        "repo": "flake-utils",
        "type": "github"
      }
    },
    "flake-utils-plus": {
      "inputs": {
        "flake-utils": "flake-utils"
      },
      "locked": {
        "lastModified": 1652704544,
        "narHash": "sha256-UTKE33tYgCmDszaVyWA33a8mtegM5xfH4fH8w4y6TxA=",
        "owner": "gytis-ivaskevicius",
        "repo": "flake-utils-plus",
        "rev": "f8d6d1f87b6177e3bc674c29f247bdbf897ba274",
        "type": "github"
      },
      "original": {
        "owner": "gytis-ivaskevicius",
        "repo": "flake-utils-plus",
        "type": "github"
      }
    },
    "flake-utils_2": {
      "locked": {
        "lastModified": 1644229661,
        "narHash": "sha256-1YdnJAsNy69bpcjuoKdOYQX0YxZBiCYZo4Twxerqv7k=",
        "owner": "numtide",
        "repo": "flake-utils",
        "rev": "3cecb5b042f7f209c56ffd8371b2711a290ec797",
        "type": "github"
      },
      "original": {
        "owner": "numtide",
        "repo": "flake-utils",
        "type": "github"
      }
    },
    "flake-utils_3": {
      "locked": {
        "lastModified": 1656065134,
        "narHash": "sha256-oc6E6ByIw3oJaIyc67maaFcnjYOz1mMcOtHxbEf9NwQ=",
        "owner": "numtide",
        "repo": "flake-utils",
        "rev": "bee6a7250dd1b01844a2de7e02e4df7d8a0a206c",
        "type": "github"
      },
      "original": {
        "owner": "numtide",
        "repo": "flake-utils",
        "type": "github"
      }
    },
    "home-manager": {
      "inputs": {
        "nixpkgs": [
          "nixpkgs"
        ],
        "utils": "utils"
      },
      "locked": {
        "lastModified": 1656313134,
        "narHash": "sha256-VCEXqyq/+Ffu+TlDoIt2iepERFVVvmZ2flHNyVb0dPs=",
        "owner": "nix-community",
        "repo": "home-manager",
        "rev": "be3adf9920febf26ff5221ed5c8c76a43b2d94d6",
        "type": "github"
      },
      "original": {
        "owner": "nix-community",
        "repo": "home-manager",
        "type": "github"
      }
    },
    "impermanence": {
      "locked": {
        "lastModified": 1646131459,
        "narHash": "sha256-GPmgxvUFvQ1GmsGfWHy9+rcxWrczeDhS9XnAIPHi9XQ=",
        "owner": "nix-community",
        "repo": "impermanence",
        "rev": "2f39baeb7d039fda5fc8225111bb79474138e6f4",
        "type": "github"
      },
      "original": {
        "owner": "nix-community",
        "repo": "impermanence",
        "type": "github"
      }
    },
    "kmonad": {
      "inputs": {
        "nixpkgs": [
          "nixpkgs"
        ]
      },
      "locked": {
        "dir": "nix",
        "lastModified": 1655881562,
        "narHash": "sha256-Rem/iND6YoM2lGFF+uSjiHo94bjLkzgwZFp6eyavl3Q=",
        "owner": "kmonad",
        "repo": "kmonad",
        "rev": "3011d359db5b6305625b6f4110457dbec0dc8409",
        "type": "github"
      },
      "original": {
        "dir": "nix",
        "owner": "kmonad",
        "repo": "kmonad",
        "type": "github"
      }
    },
    "lib-aggregate": {
      "inputs": {
        "flake-utils": "flake-utils_3",
        "nixpkgs-lib": "nixpkgs-lib"
      },
      "locked": {
        "lastModified": 1656245350,
        "narHash": "sha256-DLCed8W6fpNcVWjsUhx2CMHM5kEgCh4zrhAPG2xO3ek=",
        "owner": "nix-community",
        "repo": "lib-aggregate",
        "rev": "6ee2e437dd58c1fe69a92aa9d1cc23c3d91f7ac0",
        "type": "github"
      },
      "original": {
        "owner": "nix-community",
        "repo": "lib-aggregate",
        "type": "github"
      }
    },
    "lowdown-src": {
      "flake": false,
      "locked": {
        "lastModified": 1633514407,
        "narHash": "sha256-Dw32tiMjdK9t3ETl5fzGrutQTzh2rufgZV4A/BbxuD4=",
        "owner": "kristapsdz",
        "repo": "lowdown",
        "rev": "d2c2b44ff6c27b936ec27358a2653caaef8f73b8",
        "type": "github"
      },
      "original": {
        "owner": "kristapsdz",
        "repo": "lowdown",
        "type": "github"
      }
    },
    "lowdown-src_2": {
      "flake": false,
      "locked": {
        "lastModified": 1633514407,
        "narHash": "sha256-Dw32tiMjdK9t3ETl5fzGrutQTzh2rufgZV4A/BbxuD4=",
        "owner": "kristapsdz",
        "repo": "lowdown",
        "rev": "d2c2b44ff6c27b936ec27358a2653caaef8f73b8",
        "type": "github"
      },
      "original": {
        "owner": "kristapsdz",
        "repo": "lowdown",
        "type": "github"
      }
    },
    "nabla-nvim": {
      "flake": false,
      "locked": {
        "lastModified": 1651306850,
        "narHash": "sha256-wd0D+EqNEPpgNuZOuhWw6pyS0DF/cAiLwKnAN1aaV7s=",
        "owner": "jbyuki",
        "repo": "nabla.nvim",
        "rev": "8d499bd042f814d1b046d1625916bd7f7c88dd85",
        "type": "github"
      },
      "original": {
        "owner": "jbyuki",
        "repo": "nabla.nvim",
        "type": "github"
      }
    },
    "neorg-telescope": {
      "flake": false,
      "locked": {
        "lastModified": 1652854631,
        "narHash": "sha256-DzdmTQBNMJpp2Pnjy32a7AJrST+GLb0Hy5+tTjd8a5Q=",
        "owner": "nvim-neorg",
        "repo": "neorg-telescope",
        "rev": "b61ff59c7008fabe0ead42adb1a1498aec2b6fe1",
        "type": "github"
      },
      "original": {
        "owner": "nvim-neorg",
        "repo": "neorg-telescope",
        "type": "github"
      }
    },
    "neovim": {
      "inputs": {
        "flake-utils": "flake-utils_2",
        "nixpkgs": [
          "nixpkgs"
        ]
      },
      "locked": {
        "dir": "contrib",
        "lastModified": 1656310213,
        "narHash": "sha256-72xLnrif1aDkrdJVwFAmTuJUK3KZeyaXvHZzQxxDBW8=",
        "owner": "neovim",
        "repo": "neovim",
        "rev": "cf23695dd748281daaf68e69ac48bf9eb27f2425",
        "type": "github"
      },
      "original": {
        "dir": "contrib",
        "owner": "neovim",
        "repo": "neovim",
        "type": "github"
      }
    },
    "nix": {
      "inputs": {
        "lowdown-src": "lowdown-src",
        "nixpkgs": "nixpkgs",
        "nixpkgs-regression": "nixpkgs-regression"
      },
      "locked": {
        "lastModified": 1656108215,
        "narHash": "sha256-RzgcfbXxNWtt4BeJ/rPzHxR+l+wCfiauN4XTVnRLiy0=",
        "owner": "NixOS",
        "repo": "nix",
        "rev": "586fa707fca207dbd12e49800691390249bdcd03",
        "type": "github"
      },
      "original": {
        "id": "nix",
        "type": "indirect"
      }
    },
    "nix-matlab": {
      "inputs": {
        "flake-compat": "flake-compat",
        "nixpkgs": [
          "nixpkgs"
        ]
      },
      "locked": {
        "lastModified": 1656255748,
        "narHash": "sha256-riQcBcG7XXXebbTG9YUjWVQZfPyqweH4JEuoGA6g/pE=",
        "owner": "doronbehar",
        "repo": "nix-matlab",
        "rev": "01ced3982a08378d0dc81498f60467c43c45f910",
        "type": "gitlab"
      },
      "original": {
        "owner": "doronbehar",
        "repo": "nix-matlab",
        "type": "gitlab"
      }
    },
    "nix_2": {
      "inputs": {
        "lowdown-src": "lowdown-src_2",
        "nixpkgs": [
          "nixpkgs"
        ],
        "nixpkgs-regression": "nixpkgs-regression_2"
      },
      "locked": {
        "lastModified": 1656184677,
        "narHash": "sha256-hFj9zDltmwb/ZUUfmUyVnFzW5uU3Lpr2n4lo3drp+S4=",
        "owner": "NixOS",
        "repo": "nix",
        "rev": "49c4a37efc23bf16f40e23b3722503a3678e7031",
        "type": "github"
      },
      "original": {
        "owner": "NixOS",
        "repo": "nix",
        "type": "github"
      }
    },
    "nixpkgs": {
      "locked": {
        "lastModified": 1653988320,
        "narHash": "sha256-ZaqFFsSDipZ6KVqriwM34T739+KLYJvNmCWzErjAg7c=",
        "owner": "NixOS",
        "repo": "nixpkgs",
        "rev": "2fa57ed190fd6c7c746319444f34b5917666e5c1",
        "type": "github"
      },
      "original": {
        "owner": "NixOS",
        "ref": "nixos-22.05-small",
        "repo": "nixpkgs",
        "type": "github"
      }
    },
    "nixpkgs-21_11": {
      "locked": {
        "lastModified": 1656198488,
        "narHash": "sha256-xe81o3Kin6a0jXA3mTxcR+jeA1jLKw3TCar5LUo/B5c=",
        "owner": "NixOS",
        "repo": "nixpkgs",
        "rev": "46af3303651699dc58cfc251d9b18c0f59d857da",
        "type": "github"
      },
      "original": {
        "owner": "NixOS",
        "ref": "release-21.11",
        "repo": "nixpkgs",
        "type": "github"
      }
    },
    "nixpkgs-22_05": {
      "locked": {
        "lastModified": 1656199498,
        "narHash": "sha256-/BCpM7j7y1G4het6Z3idlnv9A87/s0O1glVmH7fnWvk=",
        "owner": "NixOS",
        "repo": "nixpkgs",
        "rev": "72a1f167077060a1a7b6e0104863245d0483fa7f",
        "type": "github"
      },
      "original": {
        "owner": "NixOS",
        "ref": "release-22.05",
        "repo": "nixpkgs",
        "type": "github"
      }
    },
    "nixpkgs-latest-stable": {
      "locked": {
        "lastModified": 1656265786,
        "narHash": "sha256-A9RkoGrxzsmMm0vily18p92Rasb+MbdDMaSnzmywXKw=",
        "owner": "NixOS",
        "repo": "nixpkgs",
        "rev": "cd90e773eae83ba7733d2377b6cdf84d45558780",
        "type": "github"
      },
      "original": {
        "owner": "NixOS",
        "ref": "nixos-22.05",
        "repo": "nixpkgs",
        "type": "github"
      }
    },
    "nixpkgs-lib": {
      "locked": {
        "lastModified": 1656205009,
        "narHash": "sha256-c5Lu5hzDPWZLU7EAFv5gLoFdrZo2U9Ko2cwd/MlyBic=",
        "owner": "nix-community",
        "repo": "nixpkgs.lib",
        "rev": "db960fdb35abd684899e75747fa441978c3d49e1",
        "type": "github"
      },
      "original": {
        "owner": "nix-community",
        "repo": "nixpkgs.lib",
        "type": "github"
      }
    },
    "nixpkgs-regression": {
      "locked": {
        "lastModified": 1643052045,
        "narHash": "sha256-uGJ0VXIhWKGXxkeNnq4TvV3CIOkUJ3PAoLZ3HMzNVMw=",
        "owner": "NixOS",
        "repo": "nixpkgs",
        "rev": "215d4d0fd80ca5163643b03a33fde804a29cc1e2",
        "type": "github"
      },
      "original": {
        "owner": "NixOS",
        "repo": "nixpkgs",
        "rev": "215d4d0fd80ca5163643b03a33fde804a29cc1e2",
        "type": "github"
      }
    },
    "nixpkgs-regression_2": {
      "locked": {
        "lastModified": 1643052045,
        "narHash": "sha256-uGJ0VXIhWKGXxkeNnq4TvV3CIOkUJ3PAoLZ3HMzNVMw=",
        "owner": "NixOS",
        "repo": "nixpkgs",
        "rev": "215d4d0fd80ca5163643b03a33fde804a29cc1e2",
        "type": "github"
      },
      "original": {
        "owner": "NixOS",
        "repo": "nixpkgs",
        "rev": "215d4d0fd80ca5163643b03a33fde804a29cc1e2",
        "type": "github"
      }
    },
    "nixpkgs-wayland": {
      "inputs": {
        "cachix": "cachix",
        "flake-compat": "flake-compat_2",
        "lib-aggregate": "lib-aggregate",
        "nixpkgs": [
          "nixpkgs"
        ]
      },
      "locked": {
        "lastModified": 1656307672,
        "narHash": "sha256-N71wTWeElxJDdrFxwuVSva/iPH6/GPWeJ3MTeODvliM=",
        "owner": "nix-community",
        "repo": "nixpkgs-wayland",
        "rev": "e5d1c531de5cd678ca257b59d11d1a070f5bbc4a",
        "type": "github"
      },
      "original": {
        "owner": "nix-community",
        "repo": "nixpkgs-wayland",
        "type": "github"
      }
    },
    "nixpkgs_2": {
      "locked": {
        "lastModified": 1656239181,
        "narHash": "sha256-wW1xRFBn376yGloXZ4QzBE4hjipMawpV18Lshd9QSPw=",
        "owner": "NixOS",
        "repo": "nixpkgs",
        "rev": "f2537a505d45c31fe5d9c27ea9829b6f4c4e6ac5",
        "type": "github"
      },
      "original": {
        "owner": "NixOS",
        "ref": "nixos-unstable",
        "repo": "nixpkgs",
        "type": "github"
      }
    },
    "nur": {
      "locked": {
        "lastModified": 1656313781,
        "narHash": "sha256-T3acwGi/9SnIV/giHCvN+3BqcIDo4GBBW+TBX15EaSg=",
        "owner": "nix-community",
        "repo": "NUR",
        "rev": "b3b8539bbfd02b4543d6723c547cae6edaece8b7",
        "type": "github"
      },
      "original": {
        "owner": "nix-community",
        "repo": "NUR",
        "type": "github"
      }
    },
    "nvim-compleet": {
      "flake": false,
      "locked": {
        "lastModified": 1652997278,
        "narHash": "sha256-Lk6MzS5cMJ/Fv1CBR4I4Oq1RAMSgzv7LObz6C+v/a6o=",
        "owner": "noib3",
        "repo": "nvim-compleet",
        "rev": "f400b95b304a053d735a46304cf21c23fc020ffc",
        "type": "github"
      },
      "original": {
        "owner": "noib3",
        "repo": "nvim-compleet",
        "type": "github"
      }
    },
    "nvim-workbench": {
      "flake": false,
      "locked": {
        "lastModified": 1644250324,
        "narHash": "sha256-3NvQvdchQpQDR7jOjRi07pUvm/cZSBvvKYMHDkUSoCo=",
        "owner": "marcushwz",
        "repo": "nvim-workbench",
        "rev": "cdd273b9a84b3064a093b968702a5973fedc6ac0",
        "type": "github"
      },
      "original": {
        "owner": "marcushwz",
        "repo": "nvim-workbench",
        "type": "github"
      }
    },
    "root": {
      "inputs": {
        "coq_artifacts": "coq_artifacts",
        "coq_nvim": "coq_nvim",
        "coq_thirdparty": "coq_thirdparty",
        "dirbuf-nvim": "dirbuf-nvim",
        "due_nvim": "due_nvim",
        "dwarffs": "dwarffs",
        "flake-utils-plus": "flake-utils-plus",
        "home-manager": "home-manager",
        "impermanence": "impermanence",
        "kmonad": "kmonad",
        "nabla-nvim": "nabla-nvim",
        "neorg-telescope": "neorg-telescope",
        "neovim": "neovim",
        "nix": "nix_2",
        "nix-matlab": "nix-matlab",
        "nixpkgs": "nixpkgs_2",
        "nixpkgs-latest-stable": "nixpkgs-latest-stable",
        "nixpkgs-wayland": "nixpkgs-wayland",
        "nur": "nur",
        "nvim-compleet": "nvim-compleet",
        "nvim-workbench": "nvim-workbench",
        "sops-nix": "sops-nix",
        "tree-sitter-norg-meta": "tree-sitter-norg-meta",
        "tree-sitter-norg-table": "tree-sitter-norg-table",
        "vim-latex": "vim-latex",
        "windline-nvim": "windline-nvim",
        "zig": "zig"
      }
    },
    "sops-nix": {
      "inputs": {
        "nixpkgs": [
          "nixpkgs"
        ],
        "nixpkgs-21_11": "nixpkgs-21_11",
        "nixpkgs-22_05": "nixpkgs-22_05"
      },
      "locked": {
        "lastModified": 1656215886,
        "narHash": "sha256-67fkBb4GUbuMZTHs08mNycg0hBzboy+5boMD76wLpj4=",
        "owner": "Mic92",
        "repo": "sops-nix",
        "rev": "aff5d8542c9eb566a000302b22fcc10715bc2feb",
        "type": "github"
      },
      "original": {
        "owner": "Mic92",
        "repo": "sops-nix",
        "type": "github"
      }
    },
    "tree-sitter-norg-meta": {
      "flake": false,
      "locked": {
        "lastModified": 1645550332,
        "narHash": "sha256-+NInywA8KOfAVnetuRW/9GJIqFWijrMr23dhZx4b6EQ=",
        "owner": "nvim-neorg",
        "repo": "tree-sitter-norg-meta",
        "rev": "4687b53e656b920cde6c0b9a7b9acf9a665cd838",
        "type": "github"
      },
      "original": {
        "owner": "nvim-neorg",
        "repo": "tree-sitter-norg-meta",
        "type": "github"
      }
    },
    "tree-sitter-norg-table": {
      "flake": false,
      "locked": {
        "lastModified": 1644616425,
        "narHash": "sha256-xTH4LmqhtfyN9JGQdquJLQz1McZQItdEY5HpJxbuYC0=",
        "owner": "nvim-neorg",
        "repo": "tree-sitter-norg-table",
        "rev": "f354ea343b8803948e6e1df36eb586e31c529900",
        "type": "github"
      },
      "original": {
        "owner": "nvim-neorg",
        "repo": "tree-sitter-norg-table",
        "type": "github"
      }
    },
    "utils": {
      "locked": {
        "lastModified": 1653893745,
        "narHash": "sha256-0jntwV3Z8//YwuOjzhV2sgJJPt+HY6KhU7VZUL0fKZQ=",
        "owner": "numtide",
        "repo": "flake-utils",
        "rev": "1ed9fb1935d260de5fe1c2f7ee0ebaae17ed2fa1",
        "type": "github"
      },
      "original": {
        "owner": "numtide",
        "repo": "flake-utils",
        "type": "github"
      }
    },
    "vim-latex": {
      "flake": false,
      "locked": {
        "lastModified": 1652983369,
        "narHash": "sha256-ubUJ0kj758Stt5ew274OiDY46+C3J0dOnHHLc9s0MRs=",
        "owner": "vim-latex",
        "repo": "vim-latex",
        "rev": "069a26a0963adb6a9de9f40f5a7332c7207d5423",
        "type": "github"
      },
      "original": {
        "owner": "vim-latex",
        "repo": "vim-latex",
        "type": "github"
      }
    },
    "windline-nvim": {
      "flake": false,
      "locked": {
        "lastModified": 1655645520,
        "narHash": "sha256-KkhYJBQrc0zm/aL/xfCVxDvyzPBBQ3vw2M4kFAOulss=",
        "owner": "windwp",
        "repo": "windline.nvim",
        "rev": "48af656fbb893e46829c0c39c3e2b46311b0ccfb",
        "type": "github"
      },
      "original": {
        "owner": "windwp",
        "repo": "windline.nvim",
        "type": "github"
      }
    },
    "zig": {
      "flake": false,
      "locked": {
        "lastModified": 1656190266,
        "narHash": "sha256-6hgmeX7XGFl/zWZNeCr3otLrjgPNyIJhdHUkkssbGEk=",
        "owner": "ziglang",
        "repo": "zig",
        "rev": "08459ff1c21d546c55e2ae954126e121ee88972e",
        "type": "github"
      },
      "original": {
        "owner": "ziglang",
        "repo": "zig",
        "type": "github"
      }
    }
  },
  "root": "root",
  "version": 7
}
